
Microsoft Visual Studio Solution File, Format Version 12.00
# Visual Studio Version 16
VisualStudioVersion = 16.0.32228.343
MinimumVisualStudioVersion = 10.0.40219.1
Project("{2150E333-8FDC-42A3-9474-1A3956D46DE8}") = "Sample", "Sample", "{3D4DC872-6E77-40C3-BE08-00723CF2D24B}"
EndProject
Project("{FAE04EC0-301F-11D3-BF4B-00C04F79EFBC}") = "WindowsFormsApp1", "Sample\WindowsFormsApp1\WindowsFormsApp1.csproj", "{06D42BFF-43D7-42B3-AF94-7E3F28309224}"
EndProject
Project("{FAE04EC0-301F-11D3-BF4B-00C04F79EFBC}") = "ConsoleApp0411", "Sample\ConsoleApp0411\ConsoleApp0411.csproj", "{C2BBF984-E275-4336-B690-15458CB889E5}"
EndProject
Project("{FAE04EC0-301F-11D3-BF4B-00C04F79EFBC}") = "BallApp", "Sample\BallApp\BallApp.csproj", "{5F586749-2915-478D-97DA-0E6771482124}"
EndProject
Project("{2150E333-8FDC-42A3-9474-1A3956D46DE8}") = "Chapter01", "Chapter01", "{451B1D05-1EC0-44DA-8BE4-71C10E0CB342}"
EndProject
Project("{FAE04EC0-301F-11D3-BF4B-00C04F79EFBC}") = "ProductSample", "Chapter01\Product\ProductSample.csproj", "{9C65ED2F-2054-49D6-B675-724B849200D6}"
EndProject
Project("{2150E333-8FDC-42A3-9474-1A3956D46DE8}") = "Chapter02", "Chapter02", "{6ED73F16-B242-4B57-BB29-C9B6E27E6D01}"
EndProject
Project("{2150E333-8FDC-42A3-9474-1A3956D46DE8}") = "距離換算プログラム", "距離換算プログラム", "{F57125B4-CE37-477F-AADD-2068A9898C04}"
EndProject
Project("{FAE04EC0-301F-11D3-BF4B-00C04F79EFBC}") = "DistanceConverter", "Chapter02\距離換算プログラム\DistanceConverter\DistanceConverter.csproj", "{DA72A01B-768D-4CCC-B223-57E93BFEE3F1}"
EndProject
Project("{2150E333-8FDC-42A3-9474-1A3956D46DE8}") = "売り上げ集計プログラム", "売り上げ集計プログラム", "{A5A4F061-19CE-4077-B8E6-8B28E0E1EF6A}"
EndProject
Project("{FAE04EC0-301F-11D3-BF4B-00C04F79EFBC}") = "SalesCalculator", "Chapter02\売り上げ集計プログラム\SalesCalculator\SalesCalculator.csproj", "{E8DEA034-6C09-4489-9090-4B35095D2275}"
EndProject
Project("{2150E333-8FDC-42A3-9474-1A3956D46DE8}") = "演習問題", "演習問題", "{D33C75C2-1223-4D5E-AAC5-FD9B22305170}"
EndProject
Project("{FAE04EC0-301F-11D3-BF4B-00C04F79EFBC}") = "Exercise01", "Chapter02\演習問題\Exercise01\Exercise01.csproj", "{319D7603-2B92-4E95-9242-84E0AE7031FD}"
EndProject
Project("{FAE04EC0-301F-11D3-BF4B-00C04F79EFBC}") = "Exercise02", "Chapter02\演習問題\Exercise02\Exercise02.csproj", "{F337DC3B-4A33-4E81-99B4-5F8BD0BD6FC0}"
EndProject
Project("{FAE04EC0-301F-11D3-BF4B-00C04F79EFBC}") = "Exercise03", "Exercise03\Exercise03\Exercise03.csproj", "{C1F6D0E9-6864-47B5-AC29-1FD4DC580908}"
EndProject
Project("{2150E333-8FDC-42A3-9474-1A3956D46DE8}") = "Chapter03", "Chapter03", "{F758E5DA-9B26-4150-9473-27E2B061BAB6}"
EndProject
Project("{FAE04EC0-301F-11D3-BF4B-00C04F79EFBC}") = "Section01", "Chapter03\Section01\Section01.csproj", "{A89D57D5-09EE-4039-8714-ED90B5937EDA}"
EndProject
Project("{FAE04EC0-301F-11D3-BF4B-00C04F79EFBC}") = "Section03", "Chapter03\Section03\Section03.csproj", "{3EC3A66D-A470-404E-A689-895FFFE85F72}"
EndProject
Project("{FAE04EC0-301F-11D3-BF4B-00C04F79EFBC}") = "Section04", "Chapter03\Section04\Section04.csproj", "{C09403D3-D3B8-480D-8186-5E3456A9CDE3}"
EndProject
Project("{2150E333-8FDC-42A3-9474-1A3956D46DE8}") = "演習問題", "演習問題", "{531020A2-5454-437D-8AAE-F081E8A92C4E}"
EndProject
Project("{FAE04EC0-301F-11D3-BF4B-00C04F79EFBC}") = "Exercise01", "Chapter03\演習問題\Exercise01\Exercise01.csproj", "{D6F632D9-0BF4-4A92-BD7F-A1F5A4B5A078}"
EndProject
Project("{FAE04EC0-301F-11D3-BF4B-00C04F79EFBC}") = "Exercise02", "Chapter03\演習問題\Exercise02\Exercise02.csproj", "{A086827E-93B6-47FA-9ADC-244CAF8DCF0D}"
EndProject
Global
	GlobalSection(SolutionConfigurationPlatforms) = preSolution
		Debug|Any CPU = Debug|Any CPU
		Release|Any CPU = Release|Any CPU
	EndGlobalSection
	GlobalSection(ProjectConfigurationPlatforms) = postSolution
		{06D42BFF-43D7-42B3-AF94-7E3F28309224}.Debug|Any CPU.ActiveCfg = Debug|Any CPU
		{06D42BFF-43D7-42B3-AF94-7E3F28309224}.Debug|Any CPU.Build.0 = Debug|Any CPU
		{06D42BFF-43D7-42B3-AF94-7E3F28309224}.Release|Any CPU.ActiveCfg = Release|Any CPU
		{06D42BFF-43D7-42B3-AF94-7E3F28309224}.Release|Any CPU.Build.0 = Release|Any CPU
		{C2BBF984-E275-4336-B690-15458CB889E5}.Debug|Any CPU.ActiveCfg = Debug|Any CPU
		{C2BBF984-E275-4336-B690-15458CB889E5}.Debug|Any CPU.Build.0 = Debug|Any CPU
		{C2BBF984-E275-4336-B690-15458CB889E5}.Release|Any CPU.ActiveCfg = Release|Any CPU
		{C2BBF984-E275-4336-B690-15458CB889E5}.Release|Any CPU.Build.0 = Release|Any CPU
		{5F586749-2915-478D-97DA-0E6771482124}.Debug|Any CPU.ActiveCfg = Debug|Any CPU
		{5F586749-2915-478D-97DA-0E6771482124}.Debug|Any CPU.Build.0 = Debug|Any CPU
		{5F586749-2915-478D-97DA-0E6771482124}.Release|Any CPU.ActiveCfg = Release|Any CPU
		{5F586749-2915-478D-97DA-0E6771482124}.Release|Any CPU.Build.0 = Release|Any CPU
		{9C65ED2F-2054-49D6-B675-724B849200D6}.Debug|Any CPU.ActiveCfg = Debug|Any CPU
		{9C65ED2F-2054-49D6-B675-724B849200D6}.Debug|Any CPU.Build.0 = Debug|Any CPU
		{9C65ED2F-2054-49D6-B675-724B849200D6}.Release|Any CPU.ActiveCfg = Release|Any CPU
		{9C65ED2F-2054-49D6-B675-724B849200D6}.Release|Any CPU.Build.0 = Release|Any CPU
		{DA72A01B-768D-4CCC-B223-57E93BFEE3F1}.Debug|Any CPU.ActiveCfg = Debug|Any CPU
		{DA72A01B-768D-4CCC-B223-57E93BFEE3F1}.Debug|Any CPU.Build.0 = Debug|Any CPU
		{DA72A01B-768D-4CCC-B223-57E93BFEE3F1}.Release|Any CPU.ActiveCfg = Release|Any CPU
		{DA72A01B-768D-4CCC-B223-57E93BFEE3F1}.Release|Any CPU.Build.0 = Release|Any CPU
		{E8DEA034-6C09-4489-9090-4B35095D2275}.Debug|Any CPU.ActiveCfg = Debug|Any CPU
		{E8DEA034-6C09-4489-9090-4B35095D2275}.Debug|Any CPU.Build.0 = Debug|Any CPU
		{E8DEA034-6C09-4489-9090-4B35095D2275}.Release|Any CPU.ActiveCfg = Release|Any CPU
		{E8DEA034-6C09-4489-9090-4B35095D2275}.Release|Any CPU.Build.0 = Release|Any CPU
		{319D7603-2B92-4E95-9242-84E0AE7031FD}.Debug|Any CPU.ActiveCfg = Debug|Any CPU
		{319D7603-2B92-4E95-9242-84E0AE7031FD}.Debug|Any CPU.Build.0 = Debug|Any CPU
		{319D7603-2B92-4E95-9242-84E0AE7031FD}.Release|Any CPU.ActiveCfg = Release|Any CPU
		{319D7603-2B92-4E95-9242-84E0AE7031FD}.Release|Any CPU.Build.0 = Release|Any CPU
		{F337DC3B-4A33-4E81-99B4-5F8BD0BD6FC0}.Debug|Any CPU.ActiveCfg = Debug|Any CPU
		{F337DC3B-4A33-4E81-99B4-5F8BD0BD6FC0}.Debug|Any CPU.Build.0 = Debug|Any CPU
		{F337DC3B-4A33-4E81-99B4-5F8BD0BD6FC0}.Release|Any CPU.ActiveCfg = Release|Any CPU
		{F337DC3B-4A33-4E81-99B4-5F8BD0BD6FC0}.Release|Any CPU.Build.0 = Release|Any CPU
		{C1F6D0E9-6864-47B5-AC29-1FD4DC580908}.Debug|Any CPU.ActiveCfg = Debug|Any CPU
		{C1F6D0E9-6864-47B5-AC29-1FD4DC580908}.Debug|Any CPU.Build.0 = Debug|Any CPU
		{C1F6D0E9-6864-47B5-AC29-1FD4DC580908}.Release|Any CPU.ActiveCfg = Release|Any CPU
		{C1F6D0E9-6864-47B5-AC29-1FD4DC580908}.Release|Any CPU.Build.0 = Release|Any CPU
		{A89D57D5-09EE-4039-8714-ED90B5937EDA}.Debug|Any CPU.ActiveCfg = Debug|Any CPU
		{A89D57D5-09EE-4039-8714-ED90B5937EDA}.Debug|Any CPU.Build.0 = Debug|Any CPU
		{A89D57D5-09EE-4039-8714-ED90B5937EDA}.Release|Any CPU.ActiveCfg = Release|Any CPU
		{A89D57D5-09EE-4039-8714-ED90B5937EDA}.Release|Any CPU.Build.0 = Release|Any CPU
		{3EC3A66D-A470-404E-A689-895FFFE85F72}.Debug|Any CPU.ActiveCfg = Debug|Any CPU
		{3EC3A66D-A470-404E-A689-895FFFE85F72}.Debug|Any CPU.Build.0 = Debug|Any CPU
		{3EC3A66D-A470-404E-A689-895FFFE85F72}.Release|Any CPU.ActiveCfg = Release|Any CPU
		{3EC3A66D-A470-404E-A689-895FFFE85F72}.Release|Any CPU.Build.0 = Release|Any CPU
		{C09403D3-D3B8-480D-8186-5E3456A9CDE3}.Debug|Any CPU.ActiveCfg = Debug|Any CPU
		{C09403D3-D3B8-480D-8186-5E3456A9CDE3}.Debug|Any CPU.Build.0 = Debug|Any CPU
		{C09403D3-D3B8-480D-8186-5E3456A9CDE3}.Release|Any CPU.ActiveCfg = Release|Any CPU
		{C09403D3-D3B8-480D-8186-5E3456A9CDE3}.Release|Any CPU.Build.0 = Release|Any CPU
		{D6F632D9-0BF4-4A92-BD7F-A1F5A4B5A078}.Debug|Any CPU.ActiveCfg = Debug|Any CPU
		{D6F632D9-0BF4-4A92-BD7F-A1F5A4B5A078}.Debug|Any CPU.Build.0 = Debug|Any CPU
		{D6F632D9-0BF4-4A92-BD7F-A1F5A4B5A078}.Release|Any CPU.ActiveCfg = Release|Any CPU
		{D6F632D9-0BF4-4A92-BD7F-A1F5A4B5A078}.Release|Any CPU.Build.0 = Release|Any CPU
		{A086827E-93B6-47FA-9ADC-244CAF8DCF0D}.Debug|Any CPU.ActiveCfg = Debug|Any CPU
		{A086827E-93B6-47FA-9ADC-244CAF8DCF0D}.Debug|Any CPU.Build.0 = Debug|Any CPU
		{A086827E-93B6-47FA-9ADC-244CAF8DCF0D}.Release|Any CPU.ActiveCfg = Release|Any CPU
		{A086827E-93B6-47FA-9ADC-244CAF8DCF0D}.Release|Any CPU.Build.0 = Release|Any CPU
	EndGlobalSection
	GlobalSection(SolutionProperties) = preSolution
		HideSolutionNode = FALSE
	EndGlobalSection
	GlobalSection(NestedProjects) = preSolution
		{06D42BFF-43D7-42B3-AF94-7E3F28309224} = {3D4DC872-6E77-40C3-BE08-00723CF2D24B}
		{C2BBF984-E275-4336-B690-15458CB889E5} = {3D4DC872-6E77-40C3-BE08-00723CF2D24B}
		{5F586749-2915-478D-97DA-0E6771482124} = {3D4DC872-6E77-40C3-BE08-00723CF2D24B}
		{9C65ED2F-2054-49D6-B675-724B849200D6} = {451B1D05-1EC0-44DA-8BE4-71C10E0CB342}
		{F57125B4-CE37-477F-AADD-2068A9898C04} = {6ED73F16-B242-4B57-BB29-C9B6E27E6D01}
		{DA72A01B-768D-4CCC-B223-57E93BFEE3F1} = {F57125B4-CE37-477F-AADD-2068A9898C04}
		{A5A4F061-19CE-4077-B8E6-8B28E0E1EF6A} = {6ED73F16-B242-4B57-BB29-C9B6E27E6D01}
		{E8DEA034-6C09-4489-9090-4B35095D2275} = {A5A4F061-19CE-4077-B8E6-8B28E0E1EF6A}
		{D33C75C2-1223-4D5E-AAC5-FD9B22305170} = {6ED73F16-B242-4B57-BB29-C9B6E27E6D01}
		{319D7603-2B92-4E95-9242-84E0AE7031FD} = {D33C75C2-1223-4D5E-AAC5-FD9B22305170}
		{F337DC3B-4A33-4E81-99B4-5F8BD0BD6FC0} = {D33C75C2-1223-4D5E-AAC5-FD9B22305170}
		{C1F6D0E9-6864-47B5-AC29-1FD4DC580908} = {D33C75C2-1223-4D5E-AAC5-FD9B22305170}
		{A89D57D5-09EE-4039-8714-ED90B5937EDA} = {F758E5DA-9B26-4150-9473-27E2B061BAB6}
		{3EC3A66D-A470-404E-A689-895FFFE85F72} = {F758E5DA-9B26-4150-9473-27E2B061BAB6}
		{C09403D3-D3B8-480D-8186-5E3456A9CDE3} = {F758E5DA-9B26-4150-9473-27E2B061BAB6}
		{531020A2-5454-437D-8AAE-F081E8A92C4E} = {F758E5DA-9B26-4150-9473-27E2B061BAB6}
		{D6F632D9-0BF4-4A92-BD7F-A1F5A4B5A078} = {531020A2-5454-437D-8AAE-F081E8A92C4E}
		{A086827E-93B6-47FA-9ADC-244CAF8DCF0D} = {531020A2-5454-437D-8AAE-F081E8A92C4E}
	EndGlobalSection
	GlobalSection(ExtensibilityGlobals) = postSolution
		SolutionGuid = {3FE0C26F-CA58-4739-A438-BE0EB9B9363C}
	EndGlobalSection
EndGlobal
