
Microsoft Visual Studio Solution File, Format Version 12.00
# Visual Studio Version 16
VisualStudioVersion = 16.0.32228.343
MinimumVisualStudioVersion = 10.0.40219.1
Project("{2150E333-8FDC-42A3-9474-1A3956D46DE8}") = "Sample", "Sample", "{3D4DC872-6E77-40C3-BE08-00723CF2D24B}"
EndProject
Project("{FAE04EC0-301F-11D3-BF4B-00C04F79EFBC}") = "WindowsFormsApp1", "Sample\WindowsFormsApp1\WindowsFormsApp1.csproj", "{06D42BFF-43D7-42B3-AF94-7E3F28309224}"
EndProject
Project("{FAE04EC0-301F-11D3-BF4B-00C04F79EFBC}") = "ConsoleApp0411", "Sample\ConsoleApp0411\ConsoleApp0411.csproj", "{C2BBF984-E275-4336-B690-15458CB889E5}"
EndProject
Project("{FAE04EC0-301F-11D3-BF4B-00C04F79EFBC}") = "BallApp", "Sample\BallApp\BallApp.csproj", "{5F586749-2915-478D-97DA-0E6771482124}"
EndProject
Project("{2150E333-8FDC-42A3-9474-1A3956D46DE8}") = "Chapter01", "Chapter01", "{451B1D05-1EC0-44DA-8BE4-71C10E0CB342}"
EndProject
Project("{FAE04EC0-301F-11D3-BF4B-00C04F79EFBC}") = "ProductSample", "Chapter01\Product\ProductSample.csproj", "{9C65ED2F-2054-49D6-B675-724B849200D6}"
EndProject
Project("{2150E333-8FDC-42A3-9474-1A3956D46DE8}") = "Chapter02", "Chapter02", "{6ED73F16-B242-4B57-BB29-C9B6E27E6D01}"
EndProject
Project("{2150E333-8FDC-42A3-9474-1A3956D46DE8}") = "距離換算プログラム", "距離換算プログラム", "{F57125B4-CE37-477F-AADD-2068A9898C04}"
EndProject
Project("{FAE04EC0-301F-11D3-BF4B-00C04F79EFBC}") = "DistanceConverter", "Chapter02\距離換算プログラム\DistanceConverter\DistanceConverter.csproj", "{DA72A01B-768D-4CCC-B223-57E93BFEE3F1}"
EndProject
Project("{2150E333-8FDC-42A3-9474-1A3956D46DE8}") = "売り上げ集計プログラム", "売り上げ集計プログラム", "{A5A4F061-19CE-4077-B8E6-8B28E0E1EF6A}"
EndProject
Project("{FAE04EC0-301F-11D3-BF4B-00C04F79EFBC}") = "SalesCalculator", "Chapter02\売り上げ集計プログラム\SalesCalculator\SalesCalculator.csproj", "{E8DEA034-6C09-4489-9090-4B35095D2275}"
EndProject
Project("{2150E333-8FDC-42A3-9474-1A3956D46DE8}") = "演習問題", "演習問題", "{D33C75C2-1223-4D5E-AAC5-FD9B22305170}"
EndProject
Project("{FAE04EC0-301F-11D3-BF4B-00C04F79EFBC}") = "Exercise01", "Chapter02\演習問題\Exercise01\Exercise01.csproj", "{319D7603-2B92-4E95-9242-84E0AE7031FD}"
EndProject
Project("{FAE04EC0-301F-11D3-BF4B-00C04F79EFBC}") = "Exercise02", "Chapter02\演習問題\Exercise02\Exercise02.csproj", "{F337DC3B-4A33-4E81-99B4-5F8BD0BD6FC0}"
EndProject
Project("{FAE04EC0-301F-11D3-BF4B-00C04F79EFBC}") = "Exercise03", "Exercise03\Exercise03\Exercise03.csproj", "{C1F6D0E9-6864-47B5-AC29-1FD4DC580908}"
EndProject
Project("{2150E333-8FDC-42A3-9474-1A3956D46DE8}") = "Chapter03", "Chapter03", "{F758E5DA-9B26-4150-9473-27E2B061BAB6}"
EndProject
Project("{FAE04EC0-301F-11D3-BF4B-00C04F79EFBC}") = "Section01", "Chapter03\Section01\Section01.csproj", "{A89D57D5-09EE-4039-8714-ED90B5937EDA}"
EndProject
Project("{FAE04EC0-301F-11D3-BF4B-00C04F79EFBC}") = "Section03", "Chapter03\Section03\Section03.csproj", "{3EC3A66D-A470-404E-A689-895FFFE85F72}"
EndProject
Project("{FAE04EC0-301F-11D3-BF4B-00C04F79EFBC}") = "Section04", "Chapter03\Section04\Section04.csproj", "{C09403D3-D3B8-480D-8186-5E3456A9CDE3}"
EndProject
Project("{2150E333-8FDC-42A3-9474-1A3956D46DE8}") = "演習問題", "演習問題", "{531020A2-5454-437D-8AAE-F081E8A92C4E}"
EndProject
Project("{FAE04EC0-301F-11D3-BF4B-00C04F79EFBC}") = "Exercise01", "Chapter03\演習問題\Exercise01\Exercise01.csproj", "{D6F632D9-0BF4-4A92-BD7F-A1F5A4B5A078}"
EndProject
Project("{FAE04EC0-301F-11D3-BF4B-00C04F79EFBC}") = "Exercise02", "Chapter03\演習問題\Exercise02\Exercise02.csproj", "{A086827E-93B6-47FA-9ADC-244CAF8DCF0D}"
EndProject
Project("{2150E333-8FDC-42A3-9474-1A3956D46DE8}") = "chapter04", "chapter04", "{97485439-12C4-4284-B862-A1675FF0A26A}"
EndProject
Project("{2150E333-8FDC-42A3-9474-1A3956D46DE8}") = "条件演算子・null合体演算子", "条件演算子・null合体演算子", "{C3FCCD2D-4702-42C8-AA6D-F6A13254C889}"
EndProject
Project("{FAE04EC0-301F-11D3-BF4B-00C04F79EFBC}") = "Section04", "Chapter04\条件演算子・null合体演算子\Section04\Section04.csproj", "{E84697CB-67B2-4A20-92A8-EF2345E9360C}"
EndProject
Project("{2150E333-8FDC-42A3-9474-1A3956D46DE8}") = "TryPase", "TryPase", "{3ADCC083-8B05-4C91-8247-A5177ED3A733}"
EndProject
Project("{FAE04EC0-301F-11D3-BF4B-00C04F79EFBC}") = "Section07", "Chapter04\TryPase\Section07\Section07.csproj", "{E39C32A5-3F26-4516-8A6B-6016FB3D9F92}"
EndProject
Project("{2150E333-8FDC-42A3-9474-1A3956D46DE8}") = "演習問題", "演習問題", "{CDAC1556-058B-41A0-B852-A98E49DD40C3}"
EndProject
Project("{FAE04EC0-301F-11D3-BF4B-00C04F79EFBC}") = "Exercise01", "Chapter04\演習問題\Exercise01\Exercise01.csproj", "{48CCF61D-2E29-41E3-B279-1AE163095E5F}"
EndProject
Project("{FAE04EC0-301F-11D3-BF4B-00C04F79EFBC}") = "Exercise02", "Chapter04\演習問題\Exercise02\Exercise02.csproj", "{1B8E8F29-7D8F-448B-AE30-5BCF929C7E61}"
EndProject
Project("{2150E333-8FDC-42A3-9474-1A3956D46DE8}") = "Chapter05", "Chapter05", "{98E81AF5-6795-41AC-8EF0-37F7741B0C1F}"
EndProject
Project("{2150E333-8FDC-42A3-9474-1A3956D46DE8}") = "演習問題", "演習問題", "{7F32772D-13F4-4C6E-B3BD-D14A417016B5}"
EndProject
Project("{FAE04EC0-301F-11D3-BF4B-00C04F79EFBC}") = "Exercise01", "Chapter05\演習問題\Exercise01\Exercise01.csproj", "{16434E5C-071F-49CB-8F7F-D198FF335D6F}"
EndProject
Project("{FAE04EC0-301F-11D3-BF4B-00C04F79EFBC}") = "Exercise02", "Chapter05\演習問題\Exercise02\Exercise02.csproj", "{7591EE2E-30CA-4C86-B35D-F53DAB7C29FE}"
EndProject
Project("{FAE04EC0-301F-11D3-BF4B-00C04F79EFBC}") = "Exercise03", "Chapter05\演習問題\Exercise03\Exercise03.csproj", "{A9F88B26-4BC8-475D-BE8C-F8EF46CCC23D}"
EndProject
Project("{FAE04EC0-301F-11D3-BF4B-00C04F79EFBC}") = "Exercise04", "Chapter05\演習問題\Exercise04\Exercise04.csproj", "{F8F334DE-6B7E-49F4-90E2-CB4D5B541E63}"
EndProject
Project("{FAE04EC0-301F-11D3-BF4B-00C04F79EFBC}") = "Section01", "Chapter06\Exercise01\Section01.csproj", "{A34492C4-A882-4C1E-BF78-2FB1FA162C86}"
EndProject
Project("{2150E333-8FDC-42A3-9474-1A3956D46DE8}") = "Chapter06", "Chapter06", "{A9BF57ED-FBCE-48BF-A749-6C310547359E}"
EndProject
Project("{FAE04EC0-301F-11D3-BF4B-00C04F79EFBC}") = "Section02", "Chapter06\Section02\Section02\Section02.csproj", "{42F59114-CA73-4C25-9E2B-FEC2CF2AA1A5}"
EndProject
Project("{2150E333-8FDC-42A3-9474-1A3956D46DE8}") = "演習問題", "演習問題", "{B01C62D0-815E-45FA-BDC6-6E2A996A76AF}"
EndProject
Project("{FAE04EC0-301F-11D3-BF4B-00C04F79EFBC}") = "Exercise01", "Chapter06\演習問題\Exercise01\Exercise01\Exercise01.csproj", "{E9B34734-E964-4821-B079-B43FF2FDC454}"
EndProject
Project("{FAE04EC0-301F-11D3-BF4B-00C04F79EFBC}") = "Exercise02", "Chapter06\演習問題\Exercise02\Exercise02\Exercise02.csproj", "{29C63AB0-F93D-4154-80CC-65C68F427D82}"
EndProject
Project("{2150E333-8FDC-42A3-9474-1A3956D46DE8}") = "試験01", "試験01", "{0FEEA172-4387-4293-96F9-481E046F3175}"
EndProject
Project("{FAE04EC0-301F-11D3-BF4B-00C04F79EFBC}") = "Test01", "TestProject\Test01\Test01.csproj", "{2BFACDC3-F44D-4199-8498-F5C3C4AC0335}"
EndProject
Project("{FAE04EC0-301F-11D3-BF4B-00C04F79EFBC}") = "Test02", "TestProject\Test02\Test02.csproj", "{E461C0A8-8900-485C-B520-E929BA33F712}"
EndProject
Project("{2150E333-8FDC-42A3-9474-1A3956D46DE8}") = "Chapter07", "Chapter07", "{8B56FB6A-C7CB-4C9B-AE47-AE6E5DD98100}"
EndProject
Project("{FAE04EC0-301F-11D3-BF4B-00C04F79EFBC}") = "Section01", "Chapter07\Section01\Section01.csproj", "{20D8A095-825D-40C5-9DD5-C68851CAC359}"
EndProject
Project("{FAE04EC0-301F-11D3-BF4B-00C04F79EFBC}") = "Section02", "Chapter07\Section02\Section02.csproj", "{E7C00AC8-E75A-4FB0-B92E-767070597832}"
EndProject
Project("{FAE04EC0-301F-11D3-BF4B-00C04F79EFBC}") = "Section03", "Chapter07\Section03\Section03.csproj", "{BC119B34-DF0D-4B8F-8C71-2BBA46D809EE}"
EndProject
Project("{FAE04EC0-301F-11D3-BF4B-00C04F79EFBC}") = "Exercise01", "Chapter07\Exercise01\Exercise01.csproj", "{E766F3E2-EC26-4C56-9CF3-E175996976EA}"
EndProject
Project("{FAE04EC0-301F-11D3-BF4B-00C04F79EFBC}") = "Exercise02", "Chapter07\Exercise02\Exercise02.csproj", "{F741495D-A0CD-4F08-B1E0-0A7C0C9CC930}"
EndProject
Project("{2150E333-8FDC-42A3-9474-1A3956D46DE8}") = "Chapter08", "Chapter08", "{794DF2AD-C73C-477D-A7E1-91DD50644D21}"
EndProject
Project("{2150E333-8FDC-42A3-9474-1A3956D46DE8}") = "演習問題", "演習問題", "{DB111BBD-8C58-4A0E-885D-3D25D62CA984}"
EndProject
Project("{FAE04EC0-301F-11D3-BF4B-00C04F79EFBC}") = "Exercise01", "Chapter08\演習問題\Exercise01\Exercise01.csproj", "{4C2DEBB8-BDAF-4E9E-9EA0-D52939DC9072}"
EndProject
Project("{FAE04EC0-301F-11D3-BF4B-00C04F79EFBC}") = "Exercise02", "Chapter08\演習問題\Exercise02\Exercise02.csproj", "{EF09B60E-D62F-4C29-A4BF-8E13B7249D03}"
EndProject
Project("{FAE04EC0-301F-11D3-BF4B-00C04F79EFBC}") = "Exercise03", "Chapter08\演習問題\Exercise03\Exercise03\Exercise03.csproj", "{0E7F0BC7-FEB0-4BE4-9CDF-E08C5BA11B8B}"
EndProject
Project("{2150E333-8FDC-42A3-9474-1A3956D46DE8}") = "フォームアプリケーション", "フォームアプリケーション", "{34EF1AFF-D479-49AA-957F-5CA0C3C59E0F}"
EndProject
Project("{FAE04EC0-301F-11D3-BF4B-00C04F79EFBC}") = "CalendarApp", "Chapter08\フォームアプリケーション\CalendarApp\CalendarApp.csproj", "{49544390-3A13-4B39-9EF6-EB5BAA763CB6}"
EndProject
Project("{2150E333-8FDC-42A3-9474-1A3956D46DE8}") = "FormApps", "FormApps", "{4D97C4E6-C9F9-4407-91C6-5D878A4E7817}"
EndProject
Project("{FAE04EC0-301F-11D3-BF4B-00C04F79EFBC}") = "CarReportSystem", "FormApps\CarReportSystem\CarReportSystem.csproj", "{80234301-7C74-4375-A41A-898AC0263107}"
EndProject
Project("{2150E333-8FDC-42A3-9474-1A3956D46DE8}") = "Chapter13", "Chapter13", "{2B385723-2BAD-4507-B9FC-6EDD36284EB9}"
EndProject
Project("{FAE04EC0-301F-11D3-BF4B-00C04F79EFBC}") = "SampleEntityFramework", "Chapter13\SampleEntityFramework\SampleEntityFramework.csproj", "{27FE9C6E-8222-4CCF-860E-FEB914AC4DEC}"
EndProject
Global
	GlobalSection(SolutionConfigurationPlatforms) = preSolution
		Debug|Any CPU = Debug|Any CPU
		Release|Any CPU = Release|Any CPU
	EndGlobalSection
	GlobalSection(ProjectConfigurationPlatforms) = postSolution
		{06D42BFF-43D7-42B3-AF94-7E3F28309224}.Debug|Any CPU.ActiveCfg = Debug|Any CPU
		{06D42BFF-43D7-42B3-AF94-7E3F28309224}.Debug|Any CPU.Build.0 = Debug|Any CPU
		{06D42BFF-43D7-42B3-AF94-7E3F28309224}.Release|Any CPU.ActiveCfg = Release|Any CPU
		{06D42BFF-43D7-42B3-AF94-7E3F28309224}.Release|Any CPU.Build.0 = Release|Any CPU
		{C2BBF984-E275-4336-B690-15458CB889E5}.Debug|Any CPU.ActiveCfg = Debug|Any CPU
		{C2BBF984-E275-4336-B690-15458CB889E5}.Debug|Any CPU.Build.0 = Debug|Any CPU
		{C2BBF984-E275-4336-B690-15458CB889E5}.Release|Any CPU.ActiveCfg = Release|Any CPU
		{C2BBF984-E275-4336-B690-15458CB889E5}.Release|Any CPU.Build.0 = Release|Any CPU
		{5F586749-2915-478D-97DA-0E6771482124}.Debug|Any CPU.ActiveCfg = Debug|Any CPU
		{5F586749-2915-478D-97DA-0E6771482124}.Debug|Any CPU.Build.0 = Debug|Any CPU
		{5F586749-2915-478D-97DA-0E6771482124}.Release|Any CPU.ActiveCfg = Release|Any CPU
		{5F586749-2915-478D-97DA-0E6771482124}.Release|Any CPU.Build.0 = Release|Any CPU
		{9C65ED2F-2054-49D6-B675-724B849200D6}.Debug|Any CPU.ActiveCfg = Debug|Any CPU
		{9C65ED2F-2054-49D6-B675-724B849200D6}.Debug|Any CPU.Build.0 = Debug|Any CPU
		{9C65ED2F-2054-49D6-B675-724B849200D6}.Release|Any CPU.ActiveCfg = Release|Any CPU
		{9C65ED2F-2054-49D6-B675-724B849200D6}.Release|Any CPU.Build.0 = Release|Any CPU
		{DA72A01B-768D-4CCC-B223-57E93BFEE3F1}.Debug|Any CPU.ActiveCfg = Debug|Any CPU
		{DA72A01B-768D-4CCC-B223-57E93BFEE3F1}.Debug|Any CPU.Build.0 = Debug|Any CPU
		{DA72A01B-768D-4CCC-B223-57E93BFEE3F1}.Release|Any CPU.ActiveCfg = Release|Any CPU
		{DA72A01B-768D-4CCC-B223-57E93BFEE3F1}.Release|Any CPU.Build.0 = Release|Any CPU
		{E8DEA034-6C09-4489-9090-4B35095D2275}.Debug|Any CPU.ActiveCfg = Debug|Any CPU
		{E8DEA034-6C09-4489-9090-4B35095D2275}.Debug|Any CPU.Build.0 = Debug|Any CPU
		{E8DEA034-6C09-4489-9090-4B35095D2275}.Release|Any CPU.ActiveCfg = Release|Any CPU
		{E8DEA034-6C09-4489-9090-4B35095D2275}.Release|Any CPU.Build.0 = Release|Any CPU
		{319D7603-2B92-4E95-9242-84E0AE7031FD}.Debug|Any CPU.ActiveCfg = Debug|Any CPU
		{319D7603-2B92-4E95-9242-84E0AE7031FD}.Debug|Any CPU.Build.0 = Debug|Any CPU
		{319D7603-2B92-4E95-9242-84E0AE7031FD}.Release|Any CPU.ActiveCfg = Release|Any CPU
		{319D7603-2B92-4E95-9242-84E0AE7031FD}.Release|Any CPU.Build.0 = Release|Any CPU
		{F337DC3B-4A33-4E81-99B4-5F8BD0BD6FC0}.Debug|Any CPU.ActiveCfg = Debug|Any CPU
		{F337DC3B-4A33-4E81-99B4-5F8BD0BD6FC0}.Debug|Any CPU.Build.0 = Debug|Any CPU
		{F337DC3B-4A33-4E81-99B4-5F8BD0BD6FC0}.Release|Any CPU.ActiveCfg = Release|Any CPU
		{F337DC3B-4A33-4E81-99B4-5F8BD0BD6FC0}.Release|Any CPU.Build.0 = Release|Any CPU
		{C1F6D0E9-6864-47B5-AC29-1FD4DC580908}.Debug|Any CPU.ActiveCfg = Debug|Any CPU
		{C1F6D0E9-6864-47B5-AC29-1FD4DC580908}.Debug|Any CPU.Build.0 = Debug|Any CPU
		{C1F6D0E9-6864-47B5-AC29-1FD4DC580908}.Release|Any CPU.ActiveCfg = Release|Any CPU
		{C1F6D0E9-6864-47B5-AC29-1FD4DC580908}.Release|Any CPU.Build.0 = Release|Any CPU
		{A89D57D5-09EE-4039-8714-ED90B5937EDA}.Debug|Any CPU.ActiveCfg = Debug|Any CPU
		{A89D57D5-09EE-4039-8714-ED90B5937EDA}.Debug|Any CPU.Build.0 = Debug|Any CPU
		{A89D57D5-09EE-4039-8714-ED90B5937EDA}.Release|Any CPU.ActiveCfg = Release|Any CPU
		{A89D57D5-09EE-4039-8714-ED90B5937EDA}.Release|Any CPU.Build.0 = Release|Any CPU
		{3EC3A66D-A470-404E-A689-895FFFE85F72}.Debug|Any CPU.ActiveCfg = Debug|Any CPU
		{3EC3A66D-A470-404E-A689-895FFFE85F72}.Debug|Any CPU.Build.0 = Debug|Any CPU
		{3EC3A66D-A470-404E-A689-895FFFE85F72}.Release|Any CPU.ActiveCfg = Release|Any CPU
		{3EC3A66D-A470-404E-A689-895FFFE85F72}.Release|Any CPU.Build.0 = Release|Any CPU
		{C09403D3-D3B8-480D-8186-5E3456A9CDE3}.Debug|Any CPU.ActiveCfg = Debug|Any CPU
		{C09403D3-D3B8-480D-8186-5E3456A9CDE3}.Debug|Any CPU.Build.0 = Debug|Any CPU
		{C09403D3-D3B8-480D-8186-5E3456A9CDE3}.Release|Any CPU.ActiveCfg = Release|Any CPU
		{C09403D3-D3B8-480D-8186-5E3456A9CDE3}.Release|Any CPU.Build.0 = Release|Any CPU
		{D6F632D9-0BF4-4A92-BD7F-A1F5A4B5A078}.Debug|Any CPU.ActiveCfg = Debug|Any CPU
		{D6F632D9-0BF4-4A92-BD7F-A1F5A4B5A078}.Debug|Any CPU.Build.0 = Debug|Any CPU
		{D6F632D9-0BF4-4A92-BD7F-A1F5A4B5A078}.Release|Any CPU.ActiveCfg = Release|Any CPU
		{D6F632D9-0BF4-4A92-BD7F-A1F5A4B5A078}.Release|Any CPU.Build.0 = Release|Any CPU
		{A086827E-93B6-47FA-9ADC-244CAF8DCF0D}.Debug|Any CPU.ActiveCfg = Debug|Any CPU
		{A086827E-93B6-47FA-9ADC-244CAF8DCF0D}.Debug|Any CPU.Build.0 = Debug|Any CPU
		{A086827E-93B6-47FA-9ADC-244CAF8DCF0D}.Release|Any CPU.ActiveCfg = Release|Any CPU
		{A086827E-93B6-47FA-9ADC-244CAF8DCF0D}.Release|Any CPU.Build.0 = Release|Any CPU
		{E84697CB-67B2-4A20-92A8-EF2345E9360C}.Debug|Any CPU.ActiveCfg = Debug|Any CPU
		{E84697CB-67B2-4A20-92A8-EF2345E9360C}.Debug|Any CPU.Build.0 = Debug|Any CPU
		{E84697CB-67B2-4A20-92A8-EF2345E9360C}.Release|Any CPU.ActiveCfg = Release|Any CPU
		{E84697CB-67B2-4A20-92A8-EF2345E9360C}.Release|Any CPU.Build.0 = Release|Any CPU
		{E39C32A5-3F26-4516-8A6B-6016FB3D9F92}.Debug|Any CPU.ActiveCfg = Debug|Any CPU
		{E39C32A5-3F26-4516-8A6B-6016FB3D9F92}.Debug|Any CPU.Build.0 = Debug|Any CPU
		{E39C32A5-3F26-4516-8A6B-6016FB3D9F92}.Release|Any CPU.ActiveCfg = Release|Any CPU
		{E39C32A5-3F26-4516-8A6B-6016FB3D9F92}.Release|Any CPU.Build.0 = Release|Any CPU
		{48CCF61D-2E29-41E3-B279-1AE163095E5F}.Debug|Any CPU.ActiveCfg = Debug|Any CPU
		{48CCF61D-2E29-41E3-B279-1AE163095E5F}.Debug|Any CPU.Build.0 = Debug|Any CPU
		{48CCF61D-2E29-41E3-B279-1AE163095E5F}.Release|Any CPU.ActiveCfg = Release|Any CPU
		{48CCF61D-2E29-41E3-B279-1AE163095E5F}.Release|Any CPU.Build.0 = Release|Any CPU
		{1B8E8F29-7D8F-448B-AE30-5BCF929C7E61}.Debug|Any CPU.ActiveCfg = Debug|Any CPU
		{1B8E8F29-7D8F-448B-AE30-5BCF929C7E61}.Debug|Any CPU.Build.0 = Debug|Any CPU
		{1B8E8F29-7D8F-448B-AE30-5BCF929C7E61}.Release|Any CPU.ActiveCfg = Release|Any CPU
		{1B8E8F29-7D8F-448B-AE30-5BCF929C7E61}.Release|Any CPU.Build.0 = Release|Any CPU
		{16434E5C-071F-49CB-8F7F-D198FF335D6F}.Debug|Any CPU.ActiveCfg = Debug|Any CPU
		{16434E5C-071F-49CB-8F7F-D198FF335D6F}.Debug|Any CPU.Build.0 = Debug|Any CPU
		{16434E5C-071F-49CB-8F7F-D198FF335D6F}.Release|Any CPU.ActiveCfg = Release|Any CPU
		{16434E5C-071F-49CB-8F7F-D198FF335D6F}.Release|Any CPU.Build.0 = Release|Any CPU
		{7591EE2E-30CA-4C86-B35D-F53DAB7C29FE}.Debug|Any CPU.ActiveCfg = Debug|Any CPU
		{7591EE2E-30CA-4C86-B35D-F53DAB7C29FE}.Debug|Any CPU.Build.0 = Debug|Any CPU
		{7591EE2E-30CA-4C86-B35D-F53DAB7C29FE}.Release|Any CPU.ActiveCfg = Release|Any CPU
		{7591EE2E-30CA-4C86-B35D-F53DAB7C29FE}.Release|Any CPU.Build.0 = Release|Any CPU
		{A9F88B26-4BC8-475D-BE8C-F8EF46CCC23D}.Debug|Any CPU.ActiveCfg = Debug|Any CPU
		{A9F88B26-4BC8-475D-BE8C-F8EF46CCC23D}.Debug|Any CPU.Build.0 = Debug|Any CPU
		{A9F88B26-4BC8-475D-BE8C-F8EF46CCC23D}.Release|Any CPU.ActiveCfg = Release|Any CPU
		{A9F88B26-4BC8-475D-BE8C-F8EF46CCC23D}.Release|Any CPU.Build.0 = Release|Any CPU
		{F8F334DE-6B7E-49F4-90E2-CB4D5B541E63}.Debug|Any CPU.ActiveCfg = Debug|Any CPU
		{F8F334DE-6B7E-49F4-90E2-CB4D5B541E63}.Debug|Any CPU.Build.0 = Debug|Any CPU
		{F8F334DE-6B7E-49F4-90E2-CB4D5B541E63}.Release|Any CPU.ActiveCfg = Release|Any CPU
		{F8F334DE-6B7E-49F4-90E2-CB4D5B541E63}.Release|Any CPU.Build.0 = Release|Any CPU
		{A34492C4-A882-4C1E-BF78-2FB1FA162C86}.Debug|Any CPU.ActiveCfg = Debug|Any CPU
		{A34492C4-A882-4C1E-BF78-2FB1FA162C86}.Debug|Any CPU.Build.0 = Debug|Any CPU
		{A34492C4-A882-4C1E-BF78-2FB1FA162C86}.Release|Any CPU.ActiveCfg = Release|Any CPU
		{A34492C4-A882-4C1E-BF78-2FB1FA162C86}.Release|Any CPU.Build.0 = Release|Any CPU
		{42F59114-CA73-4C25-9E2B-FEC2CF2AA1A5}.Debug|Any CPU.ActiveCfg = Debug|Any CPU
		{42F59114-CA73-4C25-9E2B-FEC2CF2AA1A5}.Debug|Any CPU.Build.0 = Debug|Any CPU
		{42F59114-CA73-4C25-9E2B-FEC2CF2AA1A5}.Release|Any CPU.ActiveCfg = Release|Any CPU
		{42F59114-CA73-4C25-9E2B-FEC2CF2AA1A5}.Release|Any CPU.Build.0 = Release|Any CPU
		{E9B34734-E964-4821-B079-B43FF2FDC454}.Debug|Any CPU.ActiveCfg = Debug|Any CPU
		{E9B34734-E964-4821-B079-B43FF2FDC454}.Debug|Any CPU.Build.0 = Debug|Any CPU
		{E9B34734-E964-4821-B079-B43FF2FDC454}.Release|Any CPU.ActiveCfg = Release|Any CPU
		{E9B34734-E964-4821-B079-B43FF2FDC454}.Release|Any CPU.Build.0 = Release|Any CPU
		{29C63AB0-F93D-4154-80CC-65C68F427D82}.Debug|Any CPU.ActiveCfg = Debug|Any CPU
		{29C63AB0-F93D-4154-80CC-65C68F427D82}.Debug|Any CPU.Build.0 = Debug|Any CPU
		{29C63AB0-F93D-4154-80CC-65C68F427D82}.Release|Any CPU.ActiveCfg = Release|Any CPU
		{29C63AB0-F93D-4154-80CC-65C68F427D82}.Release|Any CPU.Build.0 = Release|Any CPU
		{2BFACDC3-F44D-4199-8498-F5C3C4AC0335}.Debug|Any CPU.ActiveCfg = Debug|Any CPU
		{2BFACDC3-F44D-4199-8498-F5C3C4AC0335}.Debug|Any CPU.Build.0 = Debug|Any CPU
		{2BFACDC3-F44D-4199-8498-F5C3C4AC0335}.Release|Any CPU.ActiveCfg = Release|Any CPU
		{2BFACDC3-F44D-4199-8498-F5C3C4AC0335}.Release|Any CPU.Build.0 = Release|Any CPU
		{E461C0A8-8900-485C-B520-E929BA33F712}.Debug|Any CPU.ActiveCfg = Debug|Any CPU
		{E461C0A8-8900-485C-B520-E929BA33F712}.Debug|Any CPU.Build.0 = Debug|Any CPU
		{E461C0A8-8900-485C-B520-E929BA33F712}.Release|Any CPU.ActiveCfg = Release|Any CPU
		{E461C0A8-8900-485C-B520-E929BA33F712}.Release|Any CPU.Build.0 = Release|Any CPU
		{20D8A095-825D-40C5-9DD5-C68851CAC359}.Debug|Any CPU.ActiveCfg = Debug|Any CPU
		{20D8A095-825D-40C5-9DD5-C68851CAC359}.Debug|Any CPU.Build.0 = Debug|Any CPU
		{20D8A095-825D-40C5-9DD5-C68851CAC359}.Release|Any CPU.ActiveCfg = Release|Any CPU
		{20D8A095-825D-40C5-9DD5-C68851CAC359}.Release|Any CPU.Build.0 = Release|Any CPU
		{E7C00AC8-E75A-4FB0-B92E-767070597832}.Debug|Any CPU.ActiveCfg = Debug|Any CPU
		{E7C00AC8-E75A-4FB0-B92E-767070597832}.Debug|Any CPU.Build.0 = Debug|Any CPU
		{E7C00AC8-E75A-4FB0-B92E-767070597832}.Release|Any CPU.ActiveCfg = Release|Any CPU
		{E7C00AC8-E75A-4FB0-B92E-767070597832}.Release|Any CPU.Build.0 = Release|Any CPU
		{BC119B34-DF0D-4B8F-8C71-2BBA46D809EE}.Debug|Any CPU.ActiveCfg = Debug|Any CPU
		{BC119B34-DF0D-4B8F-8C71-2BBA46D809EE}.Debug|Any CPU.Build.0 = Debug|Any CPU
		{BC119B34-DF0D-4B8F-8C71-2BBA46D809EE}.Release|Any CPU.ActiveCfg = Release|Any CPU
		{BC119B34-DF0D-4B8F-8C71-2BBA46D809EE}.Release|Any CPU.Build.0 = Release|Any CPU
		{E766F3E2-EC26-4C56-9CF3-E175996976EA}.Debug|Any CPU.ActiveCfg = Debug|Any CPU
		{E766F3E2-EC26-4C56-9CF3-E175996976EA}.Debug|Any CPU.Build.0 = Debug|Any CPU
		{E766F3E2-EC26-4C56-9CF3-E175996976EA}.Release|Any CPU.ActiveCfg = Release|Any CPU
		{E766F3E2-EC26-4C56-9CF3-E175996976EA}.Release|Any CPU.Build.0 = Release|Any CPU
		{F741495D-A0CD-4F08-B1E0-0A7C0C9CC930}.Debug|Any CPU.ActiveCfg = Debug|Any CPU
		{F741495D-A0CD-4F08-B1E0-0A7C0C9CC930}.Debug|Any CPU.Build.0 = Debug|Any CPU
		{F741495D-A0CD-4F08-B1E0-0A7C0C9CC930}.Release|Any CPU.ActiveCfg = Release|Any CPU
		{F741495D-A0CD-4F08-B1E0-0A7C0C9CC930}.Release|Any CPU.Build.0 = Release|Any CPU
		{4C2DEBB8-BDAF-4E9E-9EA0-D52939DC9072}.Debug|Any CPU.ActiveCfg = Debug|Any CPU
		{4C2DEBB8-BDAF-4E9E-9EA0-D52939DC9072}.Debug|Any CPU.Build.0 = Debug|Any CPU
		{4C2DEBB8-BDAF-4E9E-9EA0-D52939DC9072}.Release|Any CPU.ActiveCfg = Release|Any CPU
		{4C2DEBB8-BDAF-4E9E-9EA0-D52939DC9072}.Release|Any CPU.Build.0 = Release|Any CPU
		{EF09B60E-D62F-4C29-A4BF-8E13B7249D03}.Debug|Any CPU.ActiveCfg = Debug|Any CPU
		{EF09B60E-D62F-4C29-A4BF-8E13B7249D03}.Debug|Any CPU.Build.0 = Debug|Any CPU
		{EF09B60E-D62F-4C29-A4BF-8E13B7249D03}.Release|Any CPU.ActiveCfg = Release|Any CPU
		{EF09B60E-D62F-4C29-A4BF-8E13B7249D03}.Release|Any CPU.Build.0 = Release|Any CPU
		{0E7F0BC7-FEB0-4BE4-9CDF-E08C5BA11B8B}.Debug|Any CPU.ActiveCfg = Debug|Any CPU
		{0E7F0BC7-FEB0-4BE4-9CDF-E08C5BA11B8B}.Debug|Any CPU.Build.0 = Debug|Any CPU
		{0E7F0BC7-FEB0-4BE4-9CDF-E08C5BA11B8B}.Release|Any CPU.ActiveCfg = Release|Any CPU
		{0E7F0BC7-FEB0-4BE4-9CDF-E08C5BA11B8B}.Release|Any CPU.Build.0 = Release|Any CPU
		{49544390-3A13-4B39-9EF6-EB5BAA763CB6}.Debug|Any CPU.ActiveCfg = Debug|Any CPU
		{49544390-3A13-4B39-9EF6-EB5BAA763CB6}.Debug|Any CPU.Build.0 = Debug|Any CPU
		{49544390-3A13-4B39-9EF6-EB5BAA763CB6}.Release|Any CPU.ActiveCfg = Release|Any CPU
		{49544390-3A13-4B39-9EF6-EB5BAA763CB6}.Release|Any CPU.Build.0 = Release|Any CPU
		{80234301-7C74-4375-A41A-898AC0263107}.Debug|Any CPU.ActiveCfg = Debug|Any CPU
		{80234301-7C74-4375-A41A-898AC0263107}.Debug|Any CPU.Build.0 = Debug|Any CPU
		{80234301-7C74-4375-A41A-898AC0263107}.Release|Any CPU.ActiveCfg = Release|Any CPU
		{80234301-7C74-4375-A41A-898AC0263107}.Release|Any CPU.Build.0 = Release|Any CPU
		{27FE9C6E-8222-4CCF-860E-FEB914AC4DEC}.Debug|Any CPU.ActiveCfg = Debug|Any CPU
		{27FE9C6E-8222-4CCF-860E-FEB914AC4DEC}.Debug|Any CPU.Build.0 = Debug|Any CPU
		{27FE9C6E-8222-4CCF-860E-FEB914AC4DEC}.Release|Any CPU.ActiveCfg = Release|Any CPU
		{27FE9C6E-8222-4CCF-860E-FEB914AC4DEC}.Release|Any CPU.Build.0 = Release|Any CPU
	EndGlobalSection
	GlobalSection(SolutionProperties) = preSolution
		HideSolutionNode = FALSE
	EndGlobalSection
	GlobalSection(NestedProjects) = preSolution
		{06D42BFF-43D7-42B3-AF94-7E3F28309224} = {3D4DC872-6E77-40C3-BE08-00723CF2D24B}
		{C2BBF984-E275-4336-B690-15458CB889E5} = {3D4DC872-6E77-40C3-BE08-00723CF2D24B}
		{5F586749-2915-478D-97DA-0E6771482124} = {3D4DC872-6E77-40C3-BE08-00723CF2D24B}
		{9C65ED2F-2054-49D6-B675-724B849200D6} = {451B1D05-1EC0-44DA-8BE4-71C10E0CB342}
		{F57125B4-CE37-477F-AADD-2068A9898C04} = {6ED73F16-B242-4B57-BB29-C9B6E27E6D01}
		{DA72A01B-768D-4CCC-B223-57E93BFEE3F1} = {F57125B4-CE37-477F-AADD-2068A9898C04}
		{A5A4F061-19CE-4077-B8E6-8B28E0E1EF6A} = {6ED73F16-B242-4B57-BB29-C9B6E27E6D01}
		{E8DEA034-6C09-4489-9090-4B35095D2275} = {A5A4F061-19CE-4077-B8E6-8B28E0E1EF6A}
		{D33C75C2-1223-4D5E-AAC5-FD9B22305170} = {6ED73F16-B242-4B57-BB29-C9B6E27E6D01}
		{319D7603-2B92-4E95-9242-84E0AE7031FD} = {D33C75C2-1223-4D5E-AAC5-FD9B22305170}
		{F337DC3B-4A33-4E81-99B4-5F8BD0BD6FC0} = {D33C75C2-1223-4D5E-AAC5-FD9B22305170}
		{C1F6D0E9-6864-47B5-AC29-1FD4DC580908} = {D33C75C2-1223-4D5E-AAC5-FD9B22305170}
		{A89D57D5-09EE-4039-8714-ED90B5937EDA} = {F758E5DA-9B26-4150-9473-27E2B061BAB6}
		{3EC3A66D-A470-404E-A689-895FFFE85F72} = {F758E5DA-9B26-4150-9473-27E2B061BAB6}
		{C09403D3-D3B8-480D-8186-5E3456A9CDE3} = {F758E5DA-9B26-4150-9473-27E2B061BAB6}
		{531020A2-5454-437D-8AAE-F081E8A92C4E} = {F758E5DA-9B26-4150-9473-27E2B061BAB6}
		{D6F632D9-0BF4-4A92-BD7F-A1F5A4B5A078} = {531020A2-5454-437D-8AAE-F081E8A92C4E}
		{A086827E-93B6-47FA-9ADC-244CAF8DCF0D} = {531020A2-5454-437D-8AAE-F081E8A92C4E}
		{C3FCCD2D-4702-42C8-AA6D-F6A13254C889} = {97485439-12C4-4284-B862-A1675FF0A26A}
		{E84697CB-67B2-4A20-92A8-EF2345E9360C} = {C3FCCD2D-4702-42C8-AA6D-F6A13254C889}
		{3ADCC083-8B05-4C91-8247-A5177ED3A733} = {97485439-12C4-4284-B862-A1675FF0A26A}
		{E39C32A5-3F26-4516-8A6B-6016FB3D9F92} = {3ADCC083-8B05-4C91-8247-A5177ED3A733}
		{CDAC1556-058B-41A0-B852-A98E49DD40C3} = {97485439-12C4-4284-B862-A1675FF0A26A}
		{48CCF61D-2E29-41E3-B279-1AE163095E5F} = {CDAC1556-058B-41A0-B852-A98E49DD40C3}
		{1B8E8F29-7D8F-448B-AE30-5BCF929C7E61} = {CDAC1556-058B-41A0-B852-A98E49DD40C3}
		{7F32772D-13F4-4C6E-B3BD-D14A417016B5} = {98E81AF5-6795-41AC-8EF0-37F7741B0C1F}
		{16434E5C-071F-49CB-8F7F-D198FF335D6F} = {7F32772D-13F4-4C6E-B3BD-D14A417016B5}
		{7591EE2E-30CA-4C86-B35D-F53DAB7C29FE} = {7F32772D-13F4-4C6E-B3BD-D14A417016B5}
		{A9F88B26-4BC8-475D-BE8C-F8EF46CCC23D} = {7F32772D-13F4-4C6E-B3BD-D14A417016B5}
		{F8F334DE-6B7E-49F4-90E2-CB4D5B541E63} = {7F32772D-13F4-4C6E-B3BD-D14A417016B5}
		{A34492C4-A882-4C1E-BF78-2FB1FA162C86} = {A9BF57ED-FBCE-48BF-A749-6C310547359E}
		{42F59114-CA73-4C25-9E2B-FEC2CF2AA1A5} = {A9BF57ED-FBCE-48BF-A749-6C310547359E}
		{B01C62D0-815E-45FA-BDC6-6E2A996A76AF} = {A9BF57ED-FBCE-48BF-A749-6C310547359E}
		{E9B34734-E964-4821-B079-B43FF2FDC454} = {B01C62D0-815E-45FA-BDC6-6E2A996A76AF}
		{29C63AB0-F93D-4154-80CC-65C68F427D82} = {B01C62D0-815E-45FA-BDC6-6E2A996A76AF}
		{2BFACDC3-F44D-4199-8498-F5C3C4AC0335} = {0FEEA172-4387-4293-96F9-481E046F3175}
		{E461C0A8-8900-485C-B520-E929BA33F712} = {0FEEA172-4387-4293-96F9-481E046F3175}
		{20D8A095-825D-40C5-9DD5-C68851CAC359} = {8B56FB6A-C7CB-4C9B-AE47-AE6E5DD98100}
		{E7C00AC8-E75A-4FB0-B92E-767070597832} = {8B56FB6A-C7CB-4C9B-AE47-AE6E5DD98100}
		{BC119B34-DF0D-4B8F-8C71-2BBA46D809EE} = {8B56FB6A-C7CB-4C9B-AE47-AE6E5DD98100}
		{E766F3E2-EC26-4C56-9CF3-E175996976EA} = {8B56FB6A-C7CB-4C9B-AE47-AE6E5DD98100}
		{F741495D-A0CD-4F08-B1E0-0A7C0C9CC930} = {8B56FB6A-C7CB-4C9B-AE47-AE6E5DD98100}
		{DB111BBD-8C58-4A0E-885D-3D25D62CA984} = {794DF2AD-C73C-477D-A7E1-91DD50644D21}
		{4C2DEBB8-BDAF-4E9E-9EA0-D52939DC9072} = {DB111BBD-8C58-4A0E-885D-3D25D62CA984}
		{EF09B60E-D62F-4C29-A4BF-8E13B7249D03} = {DB111BBD-8C58-4A0E-885D-3D25D62CA984}
		{0E7F0BC7-FEB0-4BE4-9CDF-E08C5BA11B8B} = {794DF2AD-C73C-477D-A7E1-91DD50644D21}
		{34EF1AFF-D479-49AA-957F-5CA0C3C59E0F} = {794DF2AD-C73C-477D-A7E1-91DD50644D21}
		{49544390-3A13-4B39-9EF6-EB5BAA763CB6} = {34EF1AFF-D479-49AA-957F-5CA0C3C59E0F}
		{80234301-7C74-4375-A41A-898AC0263107} = {4D97C4E6-C9F9-4407-91C6-5D878A4E7817}
		{27FE9C6E-8222-4CCF-860E-FEB914AC4DEC} = {2B385723-2BAD-4507-B9FC-6EDD36284EB9}
	EndGlobalSection
	GlobalSection(ExtensibilityGlobals) = postSolution
		SolutionGuid = {3FE0C26F-CA58-4739-A438-BE0EB9B9363C}
	EndGlobalSection
EndGlobal
